
Microsoft Visual Studio Solution File, Format Version 12.00
# Visual Studio Version 17
VisualStudioVersion = 17.6.33829.357
MinimumVisualStudioVersion = 10.0.40219.1
Project("{FAE04EC0-301F-11D3-BF4B-00C04F79EFBC}") = "preZent", "preZent.csproj", "{A8741476-8F94-4EE0-8988-684AB7E51555}"
EndProject
Global
	GlobalSection(SolutionConfigurationPlatforms) = preSolution
		Debug|Any CPU = Debug|Any CPU
		Release|Any CPU = Release|Any CPU
	EndGlobalSection
	GlobalSection(ProjectConfigurationPlatforms) = postSolution
		{A8741476-8F94-4EE0-8988-684AB7E51555}.Debug|Any CPU.ActiveCfg = Debug|Any CPU
		{A8741476-8F94-4EE0-8988-684AB7E51555}.Debug|Any CPU.Build.0 = Debug|Any CPU
		{A8741476-8F94-4EE0-8988-684AB7E51555}.Release|Any CPU.ActiveCfg = Release|Any CPU
		{A8741476-8F94-4EE0-8988-684AB7E51555}.Release|Any CPU.Build.0 = Release|Any CPU
	EndGlobalSection
	GlobalSection(SolutionProperties) = preSolution
		HideSolutionNode = FALSE
	EndGlobalSection
	GlobalSection(ExtensibilityGlobals) = postSolution
		SolutionGuid = {8EC28D22-62C5-4A53-9AE6-BD84B86306C0}
	EndGlobalSection
EndGlobal
